
Microsoft Visual Studio Solution File, Format Version 12.00
# Visual Studio Version 16
VisualStudioVersion = 16.0.29728.190
MinimumVisualStudioVersion = 10.0.40219.1
Project("{FAE04EC0-301F-11D3-BF4B-00C04F79EFBC}") = "Beam.AABBTreeApp", "Beam.AABBTreeApp\Beam.AABBTreeApp.csproj", "{D585503B-1684-4235-83EF-C3AE8B4F45BA}"
EndProject
Project("{FAE04EC0-301F-11D3-BF4B-00C04F79EFBC}") = "Beam.AABBTree", "Beam.AABBTree\Beam.AABBTree.csproj", "{C4677ED2-0E23-43B0-AAE9-5B13323DF48F}"
EndProject
Project("{FAE04EC0-301F-11D3-BF4B-00C04F79EFBC}") = "Beam.AABBTreeTest", "Beam.AABBTreeTest\Beam.AABBTreeTest.csproj", "{02D898B3-F5F2-44F8-9710-E8663CAEA9DE}"
EndProject
Global
	GlobalSection(SolutionConfigurationPlatforms) = preSolution
		Debug|Any CPU = Debug|Any CPU
		Release|Any CPU = Release|Any CPU
	EndGlobalSection
	GlobalSection(ProjectConfigurationPlatforms) = postSolution
		{D585503B-1684-4235-83EF-C3AE8B4F45BA}.Debug|Any CPU.ActiveCfg = Debug|Any CPU
		{D585503B-1684-4235-83EF-C3AE8B4F45BA}.Debug|Any CPU.Build.0 = Debug|Any CPU
		{D585503B-1684-4235-83EF-C3AE8B4F45BA}.Release|Any CPU.ActiveCfg = Release|Any CPU
		{D585503B-1684-4235-83EF-C3AE8B4F45BA}.Release|Any CPU.Build.0 = Release|Any CPU
		{C4677ED2-0E23-43B0-AAE9-5B13323DF48F}.Debug|Any CPU.ActiveCfg = Debug|Any CPU
		{C4677ED2-0E23-43B0-AAE9-5B13323DF48F}.Debug|Any CPU.Build.0 = Debug|Any CPU
		{C4677ED2-0E23-43B0-AAE9-5B13323DF48F}.Release|Any CPU.ActiveCfg = Release|Any CPU
		{C4677ED2-0E23-43B0-AAE9-5B13323DF48F}.Release|Any CPU.Build.0 = Release|Any CPU
		{02D898B3-F5F2-44F8-9710-E8663CAEA9DE}.Debug|Any CPU.ActiveCfg = Debug|Any CPU
		{02D898B3-F5F2-44F8-9710-E8663CAEA9DE}.Debug|Any CPU.Build.0 = Debug|Any CPU
		{02D898B3-F5F2-44F8-9710-E8663CAEA9DE}.Release|Any CPU.ActiveCfg = Release|Any CPU
		{02D898B3-F5F2-44F8-9710-E8663CAEA9DE}.Release|Any CPU.Build.0 = Release|Any CPU
	EndGlobalSection
	GlobalSection(SolutionProperties) = preSolution
		HideSolutionNode = FALSE
	EndGlobalSection
	GlobalSection(ExtensibilityGlobals) = postSolution
		SolutionGuid = {F6138925-192A-4B5F-B6AD-DAFF3D67B335}
	EndGlobalSection
EndGlobal
